lockfileVersion: 5.3

specifiers:
  '@types/node': ^14.14.37
  axios: ^0.21.0
  command-exists: ^1.2.9
  fs-extra: ^9.0.1
  is-windows: ^1.0.2
  meeks.nodejs.ffmpeg: https://github.com/mi222eh/meeks.nodejs.ffmpeg/tarball/master
  meeks.nodejs.process.terminator: https://github.com/mi222eh/meeks.nodejs.process.terminator/tarball/master
  terminate: ^2.2.1
  tslib: ^2.0.3
  typescript: ^4.2.4

dependencies:
  axios: 0.21.1
  command-exists: 1.2.9
  fs-extra: 9.1.0
  is-windows: 1.0.2
  meeks.nodejs.ffmpeg: '@github.com/mi222eh/meeks.nodejs.ffmpeg/tarball/master'
  meeks.nodejs.process.terminator: '@github.com/mi222eh/meeks.nodejs.process.terminator/tarball/master'
  terminate: 2.2.1
  tslib: 2.3.1

devDependencies:
  '@types/node': 14.17.9
  typescript: 4.3.5

packages:

  /@types/node/14.17.9:
    resolution: {integrity: sha512-CMjgRNsks27IDwI785YMY0KLt3co/c0cQ5foxHYv/shC2w8oOnVwz5Ubq1QG5KzrcW+AXk6gzdnxIkDnTvzu3g==}
    dev: true

  /at-least-node/1.0.0:
    resolution: {integrity: sha512-+q/t7Ekv1EDY2l6Gda6LLiX14rU9TV20Wa3ofeQmwPFZbOMo9DXrLbOjFaaclkXKWidIaopwAObQDqwWtGUjqg==}
    engines: {node: '>= 4.0.0'}
    dev: false

  /axios/0.21.1:
    resolution: {integrity: sha512-dKQiRHxGD9PPRIUNIWvZhPTPpl1rf/OxTYKsqKUDjBwYylTvV7SjSHJb9ratfyzM6wCdLCOYLzs73qpg5c4iGA==}
    dependencies:
      follow-redirects: 1.14.1
    transitivePeerDependencies:
      - debug
    dev: false

  /command-exists/1.2.9:
    resolution: {integrity: sha512-LTQ/SGc+s0Xc0Fu5WaKnR0YiygZkm9eKFvyS+fRsU7/ZWFF8ykFM6Pc9aCVf1+xasOOZpO3BAVgVrKvsqKHV7w==}
    dev: false

  /duplexer/0.1.2:
    resolution: {integrity: sha512-jtD6YG370ZCIi/9GTaJKQxWTZD045+4R4hTk/x1UyoqadyJ9x9CgSi1RlVDQF8U2sxLLSnFkCaMihqljHIWgMg==}
    dev: false

  /event-stream/3.3.4:
    resolution: {integrity: sha1-SrTJoPWlTbkzi0w02Gv86PSzVXE=}
    dependencies:
      duplexer: 0.1.2
      from: 0.1.7
      map-stream: 0.1.0
      pause-stream: 0.0.11
      split: 0.3.3
      stream-combiner: 0.0.4
      through: 2.3.8
    dev: false

  /follow-redirects/1.14.1:
    resolution: {integrity: sha512-HWqDgT7ZEkqRzBvc2s64vSZ/hfOceEol3ac/7tKwzuvEyWx3/4UegXh5oBOIotkGsObyk3xznnSRVADBgWSQVg==}
    engines: {node: '>=4.0'}
    peerDependencies:
      debug: '*'
    peerDependenciesMeta:
      debug:
        optional: true
    dev: false

  /from/0.1.7:
    resolution: {integrity: sha1-g8YK/Fi5xWmXAH7Rp2izqzA6RP4=}
    dev: false

  /fs-extra/9.1.0:
    resolution: {integrity: sha512-hcg3ZmepS30/7BSFqRvoo3DOMQu7IjqxO5nCDt+zM9XWjb33Wg7ziNT+Qvqbuc3+gWpzO02JubVyk2G4Zvo1OQ==}
    engines: {node: '>=10'}
    dependencies:
      at-least-node: 1.0.0
      graceful-fs: 4.2.8
      jsonfile: 6.1.0
      universalify: 2.0.0
    dev: false

  /graceful-fs/4.2.8:
    resolution: {integrity: sha512-qkIilPUYcNhJpd33n0GBXTB1MMPp14TxEsEs0pTrsSVucApsYzW5V+Q8Qxhik6KU3evy+qkAAowTByymK0avdg==}
    dev: false

  /is-windows/1.0.2:
    resolution: {integrity: sha512-eXK1UInq2bPmjyX6e3VHIzMLobc4J94i4AWn+Hpq3OU5KkrRC96OAcR3PRJ/pGu6m8TRnBHP9dkXQVsT/COVIA==}
    engines: {node: '>=0.10.0'}
    dev: false

  /jsonfile/6.1.0:
    resolution: {integrity: sha512-5dgndWOriYSm5cnYaJNhalLNDKOqFwyDB/rr1E9ZsGciGvKPs8R2xYGCacuf3z6K1YKDz182fd+fY3cn3pMqXQ==}
    dependencies:
      universalify: 2.0.0
    optionalDependencies:
      graceful-fs: 4.2.8
    dev: false

  /map-stream/0.1.0:
    resolution: {integrity: sha1-5WqpTEyAVaFkBKBnS3jyFffI4ZQ=}
    dev: false

  /pause-stream/0.0.11:
    resolution: {integrity: sha1-/lo0sMvOErWqaitAPuLnO2AvFEU=}
    dependencies:
      through: 2.3.8
    dev: false

  /ps-tree/1.2.0:
    resolution: {integrity: sha512-0VnamPPYHl4uaU/nSFeZZpR21QAWRz+sRv4iW9+v/GS/J5U5iZB5BNN6J0RMoOvdx2gWM2+ZFMIm58q24e4UYA==}
    engines: {node: '>= 0.10'}
    hasBin: true
    dependencies:
      event-stream: 3.3.4
    dev: false

  /split/0.3.3:
    resolution: {integrity: sha1-zQ7qXmOiEd//frDwkcQTPi0N0o8=}
    dependencies:
      through: 2.3.8
    dev: false

  /stream-combiner/0.0.4:
    resolution: {integrity: sha1-TV5DPBhSYd3mI8o/RMWGvPXErRQ=}
    dependencies:
      duplexer: 0.1.2
    dev: false

  /terminate/2.2.1:
    resolution: {integrity: sha512-FPdUfP/UCw+rtEfT3bzqhHTQr5papNaiUXkJXA6jSBiHgZLh0693EpY1Sebd0rc4PNgdE2Ir+oNqiL5ugv3e0A==}
    engines: {node: '>=0.10'}
    dependencies:
      ps-tree: 1.2.0
    dev: false

  /through/2.3.8:
    resolution: {integrity: sha1-DdTJ/6q8NXlgsbckEV1+Doai4fU=}
    dev: false

  /tslib/2.3.1:
    resolution: {integrity: sha512-77EbyPPpMz+FRFRuAFlWMtmgUWGe9UOG2Z25NqCwiIjRhOf5iKGuzSe5P2w1laq+FkRy4p+PCuVkJSGkzTEKVw==}
    dev: false

  /typescript/4.3.5:
    resolution: {integrity: sha512-DqQgihaQ9cUrskJo9kIyW/+g0Vxsk8cDtZ52a3NGh0YNTfpUSArXSohyUGnvbPazEPLu398C0UxmKSOrPumUzA==}
    engines: {node: '>=4.2.0'}
    hasBin: true

  /universalify/2.0.0:
    resolution: {integrity: sha512-hAZsKq7Yy11Zu1DE0OzWjw7nnLZmJZYTDZZyEFHZdUhV8FkH5MCfoU1XMaxXovpyW5nq5scPqq0ZDP9Zyl04oQ==}
    engines: {node: '>= 10.0.0'}
    dev: false

  '@github.com/mi222eh/meeks.nodejs.ffmpeg/tarball/master':
    resolution: {tarball: https://github.com/mi222eh/meeks.nodejs.ffmpeg/tarball/master}
    name: meeks.nodejs.ffmpeg
    version: 1.1.0
    dependencies:
      axios: 0.21.1
      command-exists: 1.2.9
      fs-extra: 9.1.0
      is-windows: 1.0.2
      meeks.nodejs.process.terminator: github.com/mi222eh/meeks.nodejs.process.terminator/1f673e3fcee89b94a6227c3c6d65b648ee7f5320
      terminate: 2.2.1
      tslib: 2.3.1
    transitivePeerDependencies:
      - debug
    dev: false

  '@github.com/mi222eh/meeks.nodejs.process.terminator/tarball/master':
    resolution: {tarball: https://github.com/mi222eh/meeks.nodejs.process.terminator/tarball/master}
    name: meeks.nodejs.process.terminator
    version: 1.0.0
    dependencies:
      is-windows: 1.0.2
      typescript: 4.3.5
    dev: false

  github.com/mi222eh/meeks.nodejs.process.terminator/1f673e3fcee89b94a6227c3c6d65b648ee7f5320:
    resolution: {tarball: https://codeload.github.com/mi222eh/meeks.nodejs.process.terminator/tar.gz/1f673e3fcee89b94a6227c3c6d65b648ee7f5320}
    name: meeks.nodejs.process.terminator
    version: 1.0.0
    dependencies:
      is-windows: 1.0.2
      typescript: 4.3.5
    dev: false
